
Microsoft Visual Studio Solution File, Format Version 12.00
# Visual Studio 2015
Project("{FAE04EC0-301F-11D3-BF4B-00C04F79EFBC}") = "Unity.RenderPipelines.HighDefinition.Runtime", "Unity.RenderPipelines.HighDefinition.Runtime.csproj", "{E8F1B614-B1AE-2AAC-9917-EAF7F9F37ECE}"
EndProject
Project("{FAE04EC0-301F-11D3-BF4B-00C04F79EFBC}") = "Unity.RenderPipelines.Lightweight.Runtime", "Unity.RenderPipelines.Lightweight.Runtime.csproj", "{8B904E3B-B25F-C843-5D80-3700BFBBA6BA}"
EndProject
Project("{FAE04EC0-301F-11D3-BF4B-00C04F79EFBC}") = "Assembly-CSharp-firstpass", "Assembly-CSharp-firstpass.csproj", "{DEE586BE-D591-0503-FD4E-824AC04BB4CC}"
EndProject
Project("{FAE04EC0-301F-11D3-BF4B-00C04F79EFBC}") = "Unity.RenderPipelines.Core.Runtime", "Unity.RenderPipelines.Core.Runtime.csproj", "{3628AB40-9670-A2C3-4E9D-DDB34C645B29}"
EndProject
Project("{FAE04EC0-301F-11D3-BF4B-00C04F79EFBC}") = "Unity.VisualEffectGraph.Runtime", "Unity.VisualEffectGraph.Runtime.csproj", "{8000E4C5-8694-8FA8-B8F3-007EB6E4B4C8}"
EndProject
Project("{FAE04EC0-301F-11D3-BF4B-00C04F79EFBC}") = "Assembly-CSharp", "Assembly-CSharp.csproj", "{B5E54993-1B9E-B3E3-1952-564D592AFA49}"
EndProject
Project("{FAE04EC0-301F-11D3-BF4B-00C04F79EFBC}") = "Unity.RenderPipelines.Core.ShaderLibrary", "Unity.RenderPipelines.Core.ShaderLibrary.csproj", "{A27B9C9B-C0D1-EB48-A5AF-3B32E0FAFE6A}"
EndProject
Project("{FAE04EC0-301F-11D3-BF4B-00C04F79EFBC}") = "Unity.ShaderGraph.Editor", "Unity.ShaderGraph.Editor.csproj", "{A41F4F12-883C-1561-F908-C68AD11B8C5E}"
EndProject
Project("{FAE04EC0-301F-11D3-BF4B-00C04F79EFBC}") = "Unity.VisualEffectGraph.Editor", "Unity.VisualEffectGraph.Editor.csproj", "{643033DC-51C8-F466-DE42-F1FCBDF64B1D}"
EndProject
Project("{FAE04EC0-301F-11D3-BF4B-00C04F79EFBC}") = "Unity.RenderPipelines.HighDefinition.Editor", "Unity.RenderPipelines.HighDefinition.Editor.csproj", "{40542580-180E-9E70-3DBD-168C2EDAEBE2}"
EndProject
Project("{FAE04EC0-301F-11D3-BF4B-00C04F79EFBC}") = "Assembly-CSharp-Editor-firstpass", "Assembly-CSharp-Editor-firstpass.csproj", "{B6F44BE4-E933-BA50-38B5-0EAC0AE2F0D2}"
EndProject
Project("{FAE04EC0-301F-11D3-BF4B-00C04F79EFBC}") = "Unity.RenderPipelines.Lightweight.Editor", "Unity.RenderPipelines.Lightweight.Editor.csproj", "{04DEE71B-BE20-1189-0DB5-7A641B5E9F75}"
EndProject
Project("{FAE04EC0-301F-11D3-BF4B-00C04F79EFBC}") = "Assembly-CSharp-Editor", "Assembly-CSharp-Editor.csproj", "{1F8EF783-3DF0-E466-D0E2-BFCCFFE3FAF5}"
EndProject
Project("{FAE04EC0-301F-11D3-BF4B-00C04F79EFBC}") = "Unity.RenderPipelines.Core.Editor", "Unity.RenderPipelines.Core.Editor.csproj", "{204C14EE-37BF-8B31-4CC1-92BE086EFAD0}"
EndProject
Global
	GlobalSection(SolutionConfigurationPlatforms) = preSolution
		Debug|Any CPU = Debug|Any CPU
		Release|Any CPU = Release|Any CPU
	EndGlobalSection
	GlobalSection(ProjectConfigurationPlatforms) = postSolution
		{E8F1B614-B1AE-2AAC-9917-EAF7F9F37ECE}.Debug|Any CPU.ActiveCfg = Debug|Any CPU
		{E8F1B614-B1AE-2AAC-9917-EAF7F9F37ECE}.Debug|Any CPU.Build.0 = Debug|Any CPU
		{E8F1B614-B1AE-2AAC-9917-EAF7F9F37ECE}.Release|Any CPU.ActiveCfg = Release|Any CPU
		{E8F1B614-B1AE-2AAC-9917-EAF7F9F37ECE}.Release|Any CPU.Build.0 = Release|Any CPU
		{8B904E3B-B25F-C843-5D80-3700BFBBA6BA}.Debug|Any CPU.ActiveCfg = Debug|Any CPU
		{8B904E3B-B25F-C843-5D80-3700BFBBA6BA}.Debug|Any CPU.Build.0 = Debug|Any CPU
		{8B904E3B-B25F-C843-5D80-3700BFBBA6BA}.Release|Any CPU.ActiveCfg = Release|Any CPU
		{8B904E3B-B25F-C843-5D80-3700BFBBA6BA}.Release|Any CPU.Build.0 = Release|Any CPU
		{DEE586BE-D591-0503-FD4E-824AC04BB4CC}.Debug|Any CPU.ActiveCfg = Debug|Any CPU
		{DEE586BE-D591-0503-FD4E-824AC04BB4CC}.Debug|Any CPU.Build.0 = Debug|Any CPU
		{DEE586BE-D591-0503-FD4E-824AC04BB4CC}.Release|Any CPU.ActiveCfg = Release|Any CPU
		{DEE586BE-D591-0503-FD4E-824AC04BB4CC}.Release|Any CPU.Build.0 = Release|Any CPU
		{3628AB40-9670-A2C3-4E9D-DDB34C645B29}.Debug|Any CPU.ActiveCfg = Debug|Any CPU
		{3628AB40-9670-A2C3-4E9D-DDB34C645B29}.Debug|Any CPU.Build.0 = Debug|Any CPU
		{3628AB40-9670-A2C3-4E9D-DDB34C645B29}.Release|Any CPU.ActiveCfg = Release|Any CPU
		{3628AB40-9670-A2C3-4E9D-DDB34C645B29}.Release|Any CPU.Build.0 = Release|Any CPU
		{8000E4C5-8694-8FA8-B8F3-007EB6E4B4C8}.Debug|Any CPU.ActiveCfg = Debug|Any CPU
		{8000E4C5-8694-8FA8-B8F3-007EB6E4B4C8}.Debug|Any CPU.Build.0 = Debug|Any CPU
		{8000E4C5-8694-8FA8-B8F3-007EB6E4B4C8}.Release|Any CPU.ActiveCfg = Release|Any CPU
		{8000E4C5-8694-8FA8-B8F3-007EB6E4B4C8}.Release|Any CPU.Build.0 = Release|Any CPU
		{B5E54993-1B9E-B3E3-1952-564D592AFA49}.Debug|Any CPU.ActiveCfg = Debug|Any CPU
		{B5E54993-1B9E-B3E3-1952-564D592AFA49}.Debug|Any CPU.Build.0 = Debug|Any CPU
		{B5E54993-1B9E-B3E3-1952-564D592AFA49}.Release|Any CPU.ActiveCfg = Release|Any CPU
		{B5E54993-1B9E-B3E3-1952-564D592AFA49}.Release|Any CPU.Build.0 = Release|Any CPU
		{A27B9C9B-C0D1-EB48-A5AF-3B32E0FAFE6A}.Debug|Any CPU.ActiveCfg = Debug|Any CPU
		{A27B9C9B-C0D1-EB48-A5AF-3B32E0FAFE6A}.Debug|Any CPU.Build.0 = Debug|Any CPU
		{A27B9C9B-C0D1-EB48-A5AF-3B32E0FAFE6A}.Release|Any CPU.ActiveCfg = Release|Any CPU
		{A27B9C9B-C0D1-EB48-A5AF-3B32E0FAFE6A}.Release|Any CPU.Build.0 = Release|Any CPU
		{A41F4F12-883C-1561-F908-C68AD11B8C5E}.Debug|Any CPU.ActiveCfg = Debug|Any CPU
		{A41F4F12-883C-1561-F908-C68AD11B8C5E}.Debug|Any CPU.Build.0 = Debug|Any CPU
		{A41F4F12-883C-1561-F908-C68AD11B8C5E}.Release|Any CPU.ActiveCfg = Release|Any CPU
		{A41F4F12-883C-1561-F908-C68AD11B8C5E}.Release|Any CPU.Build.0 = Release|Any CPU
		{643033DC-51C8-F466-DE42-F1FCBDF64B1D}.Debug|Any CPU.ActiveCfg = Debug|Any CPU
		{643033DC-51C8-F466-DE42-F1FCBDF64B1D}.Debug|Any CPU.Build.0 = Debug|Any CPU
		{643033DC-51C8-F466-DE42-F1FCBDF64B1D}.Release|Any CPU.ActiveCfg = Release|Any CPU
		{643033DC-51C8-F466-DE42-F1FCBDF64B1D}.Release|Any CPU.Build.0 = Release|Any CPU
		{40542580-180E-9E70-3DBD-168C2EDAEBE2}.Debug|Any CPU.ActiveCfg = Debug|Any CPU
		{40542580-180E-9E70-3DBD-168C2EDAEBE2}.Debug|Any CPU.Build.0 = Debug|Any CPU
		{40542580-180E-9E70-3DBD-168C2EDAEBE2}.Release|Any CPU.ActiveCfg = Release|Any CPU
		{40542580-180E-9E70-3DBD-168C2EDAEBE2}.Release|Any CPU.Build.0 = Release|Any CPU
		{B6F44BE4-E933-BA50-38B5-0EAC0AE2F0D2}.Debug|Any CPU.ActiveCfg = Debug|Any CPU
		{B6F44BE4-E933-BA50-38B5-0EAC0AE2F0D2}.Debug|Any CPU.Build.0 = Debug|Any CPU
		{B6F44BE4-E933-BA50-38B5-0EAC0AE2F0D2}.Release|Any CPU.ActiveCfg = Release|Any CPU
		{B6F44BE4-E933-BA50-38B5-0EAC0AE2F0D2}.Release|Any CPU.Build.0 = Release|Any CPU
		{04DEE71B-BE20-1189-0DB5-7A641B5E9F75}.Debug|Any CPU.ActiveCfg = Debug|Any CPU
		{04DEE71B-BE20-1189-0DB5-7A641B5E9F75}.Debug|Any CPU.Build.0 = Debug|Any CPU
		{04DEE71B-BE20-1189-0DB5-7A641B5E9F75}.Release|Any CPU.ActiveCfg = Release|Any CPU
		{04DEE71B-BE20-1189-0DB5-7A641B5E9F75}.Release|Any CPU.Build.0 = Release|Any CPU
		{1F8EF783-3DF0-E466-D0E2-BFCCFFE3FAF5}.Debug|Any CPU.ActiveCfg = Debug|Any CPU
		{1F8EF783-3DF0-E466-D0E2-BFCCFFE3FAF5}.Debug|Any CPU.Build.0 = Debug|Any CPU
		{1F8EF783-3DF0-E466-D0E2-BFCCFFE3FAF5}.Release|Any CPU.ActiveCfg = Release|Any CPU
		{1F8EF783-3DF0-E466-D0E2-BFCCFFE3FAF5}.Release|Any CPU.Build.0 = Release|Any CPU
		{204C14EE-37BF-8B31-4CC1-92BE086EFAD0}.Debug|Any CPU.ActiveCfg = Debug|Any CPU
		{204C14EE-37BF-8B31-4CC1-92BE086EFAD0}.Debug|Any CPU.Build.0 = Debug|Any CPU
		{204C14EE-37BF-8B31-4CC1-92BE086EFAD0}.Release|Any CPU.ActiveCfg = Release|Any CPU
		{204C14EE-37BF-8B31-4CC1-92BE086EFAD0}.Release|Any CPU.Build.0 = Release|Any CPU
	EndGlobalSection
	GlobalSection(SolutionProperties) = preSolution
		HideSolutionNode = FALSE
	EndGlobalSection
EndGlobal
